
Microsoft Visual Studio Solution File, Format Version 12.00
# Visual Studio 15
VisualStudioVersion = 15.0.28307.136
MinimumVisualStudioVersion = 10.0.40219.1
Project("{FAE04EC0-301F-11D3-BF4B-00C04F79EFBC}") = "IvivuCustomer", "IvivuCustomer\IvivuCustomer.csproj", "{169E85A2-3B48-45F9-8A7B-B56BE05D37A3}"
EndProject
Global
	GlobalSection(SolutionConfigurationPlatforms) = preSolution
		Debug|Any CPU = Debug|Any CPU
		Release|Any CPU = Release|Any CPU
	EndGlobalSection
	GlobalSection(ProjectConfigurationPlatforms) = postSolution
		{169E85A2-3B48-45F9-8A7B-B56BE05D37A3}.Debug|Any CPU.ActiveCfg = Debug|Any CPU
		{169E85A2-3B48-45F9-8A7B-B56BE05D37A3}.Debug|Any CPU.Build.0 = Debug|Any CPU
		{169E85A2-3B48-45F9-8A7B-B56BE05D37A3}.Release|Any CPU.ActiveCfg = Release|Any CPU
		{169E85A2-3B48-45F9-8A7B-B56BE05D37A3}.Release|Any CPU.Build.0 = Release|Any CPU
	EndGlobalSection
	GlobalSection(SolutionProperties) = preSolution
		HideSolutionNode = FALSE
	EndGlobalSection
	GlobalSection(ExtensibilityGlobals) = postSolution
		SolutionGuid = {DD64657C-E0F9-4D88-98AF-773FB3B9738E}
	EndGlobalSection
EndGlobal
